
Microsoft Visual Studio Solution File, Format Version 12.00
# Visual Studio Version 16
VisualStudioVersion = 16.0.30611.23
MinimumVisualStudioVersion = 10.0.40219.1
Project("{FAE04EC0-301F-11D3-BF4B-00C04F79EFBC}") = "Assignment-1", "Assignment-1\Assignment-1.csproj", "{53F13DE4-B351-4EB0-9773-8E863F00FE99}"
EndProject
Global
	GlobalSection(SolutionConfigurationPlatforms) = preSolution
		Debug|Any CPU = Debug|Any CPU
		Release|Any CPU = Release|Any CPU
	EndGlobalSection
	GlobalSection(ProjectConfigurationPlatforms) = postSolution
		{53F13DE4-B351-4EB0-9773-8E863F00FE99}.Debug|Any CPU.ActiveCfg = Debug|Any CPU
		{53F13DE4-B351-4EB0-9773-8E863F00FE99}.Debug|Any CPU.Build.0 = Debug|Any CPU
		{53F13DE4-B351-4EB0-9773-8E863F00FE99}.Release|Any CPU.ActiveCfg = Release|Any CPU
		{53F13DE4-B351-4EB0-9773-8E863F00FE99}.Release|Any CPU.Build.0 = Release|Any CPU
	EndGlobalSection
	GlobalSection(SolutionProperties) = preSolution
		HideSolutionNode = FALSE
	EndGlobalSection
	GlobalSection(ExtensibilityGlobals) = postSolution
		SolutionGuid = {0D64F616-3C94-4422-A3CE-E25F8D9862B0}
	EndGlobalSection
EndGlobal
