
Microsoft Visual Studio Solution File, Format Version 12.00
# Visual Studio Version 16
VisualStudioVersion = 16.0.30611.23
MinimumVisualStudioVersion = 10.0.40219.1
Project("{FAE04EC0-301F-11D3-BF4B-00C04F79EFBC}") = "Group_9", "Group_9\Group_9.csproj", "{A1836FE1-F3DD-44D6-ACDF-43B86EDA36C1}"
EndProject
Global
	GlobalSection(SolutionConfigurationPlatforms) = preSolution
		Debug|Any CPU = Debug|Any CPU
		Release|Any CPU = Release|Any CPU
	EndGlobalSection
	GlobalSection(ProjectConfigurationPlatforms) = postSolution
		{A1836FE1-F3DD-44D6-ACDF-43B86EDA36C1}.Debug|Any CPU.ActiveCfg = Debug|Any CPU
		{A1836FE1-F3DD-44D6-ACDF-43B86EDA36C1}.Debug|Any CPU.Build.0 = Debug|Any CPU
		{A1836FE1-F3DD-44D6-ACDF-43B86EDA36C1}.Release|Any CPU.ActiveCfg = Release|Any CPU
		{A1836FE1-F3DD-44D6-ACDF-43B86EDA36C1}.Release|Any CPU.Build.0 = Release|Any CPU
	EndGlobalSection
	GlobalSection(SolutionProperties) = preSolution
		HideSolutionNode = FALSE
	EndGlobalSection
	GlobalSection(ExtensibilityGlobals) = postSolution
		SolutionGuid = {6FA46D9A-8166-4E1A-B6A7-F37E9E8633E4}
	EndGlobalSection
EndGlobal
