
Microsoft Visual Studio Solution File, Format Version 12.00
# Visual Studio Version 16
VisualStudioVersion = 16.0.30611.23
MinimumVisualStudioVersion = 10.0.40219.1
Project("{FAE04EC0-301F-11D3-BF4B-00C04F79EFBC}") = "Cgpa counter", "Cgpa counter\Cgpa counter.csproj", "{95045440-340F-402C-9320-5CD38C875213}"
EndProject
Global
	GlobalSection(SolutionConfigurationPlatforms) = preSolution
		Debug|Any CPU = Debug|Any CPU
		Release|Any CPU = Release|Any CPU
	EndGlobalSection
	GlobalSection(ProjectConfigurationPlatforms) = postSolution
		{95045440-340F-402C-9320-5CD38C875213}.Debug|Any CPU.ActiveCfg = Debug|Any CPU
		{95045440-340F-402C-9320-5CD38C875213}.Debug|Any CPU.Build.0 = Debug|Any CPU
		{95045440-340F-402C-9320-5CD38C875213}.Release|Any CPU.ActiveCfg = Release|Any CPU
		{95045440-340F-402C-9320-5CD38C875213}.Release|Any CPU.Build.0 = Release|Any CPU
	EndGlobalSection
	GlobalSection(SolutionProperties) = preSolution
		HideSolutionNode = FALSE
	EndGlobalSection
	GlobalSection(ExtensibilityGlobals) = postSolution
		SolutionGuid = {88C5F136-37F1-4F67-94C6-6A7C759BC5EC}
	EndGlobalSection
EndGlobal
