
Microsoft Visual Studio Solution File, Format Version 12.00
# Visual Studio Version 16
VisualStudioVersion = 16.0.30611.23
MinimumVisualStudioVersion = 10.0.40219.1
Project("{FAE04EC0-301F-11D3-BF4B-00C04F79EFBC}") = "LAB7(C)", "LAB7(C)\LAB7(C).csproj", "{CDA60DFD-A8D3-4A7B-9953-6ECB9E4CDF8A}"
EndProject
Global
	GlobalSection(SolutionConfigurationPlatforms) = preSolution
		Debug|Any CPU = Debug|Any CPU
		Release|Any CPU = Release|Any CPU
	EndGlobalSection
	GlobalSection(ProjectConfigurationPlatforms) = postSolution
		{CDA60DFD-A8D3-4A7B-9953-6ECB9E4CDF8A}.Debug|Any CPU.ActiveCfg = Debug|Any CPU
		{CDA60DFD-A8D3-4A7B-9953-6ECB9E4CDF8A}.Debug|Any CPU.Build.0 = Debug|Any CPU
		{CDA60DFD-A8D3-4A7B-9953-6ECB9E4CDF8A}.Release|Any CPU.ActiveCfg = Release|Any CPU
		{CDA60DFD-A8D3-4A7B-9953-6ECB9E4CDF8A}.Release|Any CPU.Build.0 = Release|Any CPU
	EndGlobalSection
	GlobalSection(SolutionProperties) = preSolution
		HideSolutionNode = FALSE
	EndGlobalSection
	GlobalSection(ExtensibilityGlobals) = postSolution
		SolutionGuid = {0A270B4F-5561-4FC3-9A04-A825B76748D6}
	EndGlobalSection
EndGlobal
